
Microsoft Visual Studio Solution File, Format Version 12.00
Project("{FAE04EC0-301F-11D3-BF4B-00C04F79EFBC}") = "DotnetMinimalHostingModelGenerator", "DotnetMinimalHostingModelGenerator\DotnetMinimalHostingModelGenerator.csproj", "{D92700E2-A1B6-4DAF-82D8-F97BB2779ABA}"
EndProject
Global
	GlobalSection(SolutionConfigurationPlatforms) = preSolution
		Debug|Any CPU = Debug|Any CPU
		Release|Any CPU = Release|Any CPU
	EndGlobalSection
	GlobalSection(ProjectConfigurationPlatforms) = postSolution
		{D92700E2-A1B6-4DAF-82D8-F97BB2779ABA}.Debug|Any CPU.ActiveCfg = Debug|Any CPU
		{D92700E2-A1B6-4DAF-82D8-F97BB2779ABA}.Debug|Any CPU.Build.0 = Debug|Any CPU
		{D92700E2-A1B6-4DAF-82D8-F97BB2779ABA}.Release|Any CPU.ActiveCfg = Release|Any CPU
		{D92700E2-A1B6-4DAF-82D8-F97BB2779ABA}.Release|Any CPU.Build.0 = Release|Any CPU
	EndGlobalSection
EndGlobal
